{
  "requires": true,
  "lockfileVersion": 1,
  "dependencies": {
    "alea": {
      "version": "0.0.9",
      "resolved": "https://registry.npmjs.org/alea/-/alea-0.0.9.tgz",
      "integrity": "sha1-9zjLRfg0MAafRc9pzL8xLdV6nho="
    },
    "node-random-name": {
      "version": "1.0.1",
      "resolved": "https://registry.npmjs.org/node-random-name/-/node-random-name-1.0.1.tgz",
      "integrity": "sha1-niQEx6AeCQWi92Fogh7bLc0U91g=",
      "requires": {
        "alea": "0.0.9"
      }
    },
    "random-animal-name-generator": {
      "version": "0.1.1",
      "resolved": "https://registry.npmjs.org/random-animal-name-generator/-/random-animal-name-generator-0.1.1.tgz",
      "integrity": "sha512-VggZMRUlhOcRlm0x+2BegT+QfzeFj82Q5BqykpMcsrDoHR+NUp2DEnrZmYWekFgN3qCGRX73GYRygHAv4+0pQQ=="
    }
  }
}
